// !$*UTF8*$!
{
	archiveVersion = 1;
	classes = {
	};
	objectVersion = 46;
	objects = {

/* Begin PBXBuildFile section */
		C81DB4D51DFFBD6E00759DFE /* CopyfileC.swift in Sources */ = {isa = PBXBuildFile; fileRef = C81DB4D41DFFBD6E00759DFE /* CopyfileC.swift */; };
		C81DB4D71DFFD1B800759DFE /* ErrorC.swift in Sources */ = {isa = PBXBuildFile; fileRef = C81DB4D61DFFD1B800759DFE /* ErrorC.swift */; };
		C8262F251DF4A67100E3E112 /* TimeC.swift in Sources */ = {isa = PBXBuildFile; fileRef = C8262F241DF4A67100E3E112 /* TimeC.swift */; };
		C8262F271DF4AF2700E3E112 /* FileC.swift in Sources */ = {isa = PBXBuildFile; fileRef = C8262F261DF4AF2700E3E112 /* FileC.swift */; };
		C82E0DDF1E0008D1000BDCF8 /* FenvC.swift in Sources */ = {isa = PBXBuildFile; fileRef = C82E0DDE1E0008D1000BDCF8 /* FenvC.swift */; };
		C83858771DEDA02D00579B86 /* AppDelegate.swift in Sources */ = {isa = PBXBuildFile; fileRef = C83858761DEDA02D00579B86 /* AppDelegate.swift */; };
		C83858791DEDA02D00579B86 /* ViewController.swift in Sources */ = {isa = PBXBuildFile; fileRef = C83858781DEDA02D00579B86 /* ViewController.swift */; };
		C838587C1DEDA02D00579B86 /* Main.storyboard in Resources */ = {isa = PBXBuildFile; fileRef = C838587A1DEDA02D00579B86 /* Main.storyboard */; };
		C838587E1DEDA02D00579B86 /* Assets.xcassets in Resources */ = {isa = PBXBuildFile; fileRef = C838587D1DEDA02D00579B86 /* Assets.xcassets */; };
		C83858811DEDA02D00579B86 /* LaunchScreen.storyboard in Resources */ = {isa = PBXBuildFile; fileRef = C838587F1DEDA02D00579B86 /* LaunchScreen.storyboard */; };
		C838588C1DEDA02D00579B86 /* CFunctionTests.swift in Sources */ = {isa = PBXBuildFile; fileRef = C838588B1DEDA02D00579B86 /* CFunctionTests.swift */; };
		C83858971DEDA02D00579B86 /* CFunctionUITests.swift in Sources */ = {isa = PBXBuildFile; fileRef = C83858961DEDA02D00579B86 /* CFunctionUITests.swift */; };
		C84CF6751DFD762B003255CC /* UtilC.swift in Sources */ = {isa = PBXBuildFile; fileRef = C84CF6741DFD762B003255CC /* UtilC.swift */; };
		C85BB1521DF22897005D3009 /* StringC.swift in Sources */ = {isa = PBXBuildFile; fileRef = C85BB1511DF22897005D3009 /* StringC.swift */; };
		C85BB1541DF228B1005D3009 /* StdLibC.swift in Sources */ = {isa = PBXBuildFile; fileRef = C85BB1531DF228B1005D3009 /* StdLibC.swift */; };
		C85BB1561DF228D2005D3009 /* MathC.swift in Sources */ = {isa = PBXBuildFile; fileRef = C85BB1551DF228D2005D3009 /* MathC.swift */; };
		C89677691DFC2C6E00F8B444 /* CFunctions.c in Sources */ = {isa = PBXBuildFile; fileRef = C89677671DFC2C6E00F8B444 /* CFunctions.c */; };
		C896776C1DFC30B800F8B444 /* CtypeC.swift in Sources */ = {isa = PBXBuildFile; fileRef = C896776B1DFC30B800F8B444 /* CtypeC.swift */; };
/* End PBXBuildFile section */

/* Begin PBXContainerItemProxy section */
		C83858881DEDA02D00579B86 /* PBXContainerItemProxy */ = {
			isa = PBXContainerItemProxy;
			containerPortal = C838586B1DEDA02C00579B86 /* Project object */;
			proxyType = 1;
			remoteGlobalIDString = C83858721DEDA02D00579B86;
			remoteInfo = CFunction;
		};
		C83858931DEDA02D00579B86 /* PBXContainerItemProxy */ = {
			isa = PBXContainerItemProxy;
			containerPortal = C838586B1DEDA02C00579B86 /* Project object */;
			proxyType = 1;
			remoteGlobalIDString = C83858721DEDA02D00579B86;
			remoteInfo = CFunction;
		};
/* End PBXContainerItemProxy section */

/* Begin PBXFileReference section */
		C81DB4D41DFFBD6E00759DFE /* CopyfileC.swift */ = {isa = PBXFileReference; fileEncoding = 4; lastKnownFileType = sourcecode.swift; path = CopyfileC.swift; sourceTree = "<group>"; };
		C81DB4D61DFFD1B800759DFE /* ErrorC.swift */ = {isa = PBXFileReference; fileEncoding = 4; lastKnownFileType = sourcecode.swift; path = ErrorC.swift; sourceTree = "<group>"; };
		C8262F241DF4A67100E3E112 /* TimeC.swift */ = {isa = PBXFileReference; fileEncoding = 4; lastKnownFileType = sourcecode.swift; path = TimeC.swift; sourceTree = "<group>"; };
		C8262F261DF4AF2700E3E112 /* FileC.swift */ = {isa = PBXFileReference; fileEncoding = 4; lastKnownFileType = sourcecode.swift; path = FileC.swift; sourceTree = "<group>"; };
		C82E0DDE1E0008D1000BDCF8 /* FenvC.swift */ = {isa = PBXFileReference; fileEncoding = 4; lastKnownFileType = sourcecode.swift; path = FenvC.swift; sourceTree = "<group>"; };
		C83858731DEDA02D00579B86 /* CFunction.app */ = {isa = PBXFileReference; explicitFileType = wrapper.application; includeInIndex = 0; path = CFunction.app; sourceTree = BUILT_PRODUCTS_DIR; };
		C83858761DEDA02D00579B86 /* AppDelegate.swift */ = {isa = PBXFileReference; lastKnownFileType = sourcecode.swift; path = AppDelegate.swift; sourceTree = "<group>"; };
		C83858781DEDA02D00579B86 /* ViewController.swift */ = {isa = PBXFileReference; lastKnownFileType = sourcecode.swift; path = ViewController.swift; sourceTree = "<group>"; };
		C838587B1DEDA02D00579B86 /* Base */ = {isa = PBXFileReference; lastKnownFileType = file.storyboard; name = Base; path = Base.lproj/Main.storyboard; sourceTree = "<group>"; };
		C838587D1DEDA02D00579B86 /* Assets.xcassets */ = {isa = PBXFileReference; lastKnownFileType = folder.assetcatalog; path = Assets.xcassets; sourceTree = "<group>"; };
		C83858801DEDA02D00579B86 /* Base */ = {isa = PBXFileReference; lastKnownFileType = file.storyboard; name = Base; path = Base.lproj/LaunchScreen.storyboard; sourceTree = "<group>"; };
		C83858821DEDA02D00579B86 /* Info.plist */ = {isa = PBXFileReference; lastKnownFileType = text.plist.xml; path = Info.plist; sourceTree = "<group>"; };
		C83858871DEDA02D00579B86 /* CFunctionTests.xctest */ = {isa = PBXFileReference; explicitFileType = wrapper.cfbundle; includeInIndex = 0; path = CFunctionTests.xctest; sourceTree = BUILT_PRODUCTS_DIR; };
		C838588B1DEDA02D00579B86 /* CFunctionTests.swift */ = {isa = PBXFileReference; lastKnownFileType = sourcecode.swift; path = CFunctionTests.swift; sourceTree = "<group>"; };
		C838588D1DEDA02D00579B86 /* Info.plist */ = {isa = PBXFileReference; lastKnownFileType = text.plist.xml; path = Info.plist; sourceTree = "<group>"; };
		C83858921DEDA02D00579B86 /* CFunctionUITests.xctest */ = {isa = PBXFileReference; explicitFileType = wrapper.cfbundle; includeInIndex = 0; path = CFunctionUITests.xctest; sourceTree = BUILT_PRODUCTS_DIR; };
		C83858961DEDA02D00579B86 /* CFunctionUITests.swift */ = {isa = PBXFileReference; lastKnownFileType = sourcecode.swift; path = CFunctionUITests.swift; sourceTree = "<group>"; };
		C83858981DEDA02D00579B86 /* Info.plist */ = {isa = PBXFileReference; lastKnownFileType = text.plist.xml; path = Info.plist; sourceTree = "<group>"; };
		C84CF6741DFD762B003255CC /* UtilC.swift */ = {isa = PBXFileReference; fileEncoding = 4; lastKnownFileType = sourcecode.swift; path = UtilC.swift; sourceTree = "<group>"; };
		C85BB1511DF22897005D3009 /* StringC.swift */ = {isa = PBXFileReference; fileEncoding = 4; lastKnownFileType = sourcecode.swift; path = StringC.swift; sourceTree = "<group>"; };
		C85BB1531DF228B1005D3009 /* StdLibC.swift */ = {isa = PBXFileReference; fileEncoding = 4; lastKnownFileType = sourcecode.swift; path = StdLibC.swift; sourceTree = "<group>"; };
		C85BB1551DF228D2005D3009 /* MathC.swift */ = {isa = PBXFileReference; fileEncoding = 4; lastKnownFileType = sourcecode.swift; path = MathC.swift; sourceTree = "<group>"; };
		C89677661DFC2C6D00F8B444 /* CFunction-Bridging-Header.h */ = {isa = PBXFileReference; lastKnownFileType = sourcecode.c.h; path = "CFunction-Bridging-Header.h"; sourceTree = "<group>"; };
		C89677671DFC2C6E00F8B444 /* CFunctions.c */ = {isa = PBXFileReference; fileEncoding = 4; lastKnownFileType = sourcecode.c.c; path = CFunctions.c; sourceTree = "<group>"; };
		C89677681DFC2C6E00F8B444 /* CFunctions.h */ = {isa = PBXFileReference; fileEncoding = 4; lastKnownFileType = sourcecode.c.h; path = CFunctions.h; sourceTree = "<group>"; };
		C896776B1DFC30B800F8B444 /* CtypeC.swift */ = {isa = PBXFileReference; fileEncoding = 4; lastKnownFileType = sourcecode.swift; path = CtypeC.swift; sourceTree = "<group>"; };
/* End PBXFileReference section */

/* Begin PBXFrameworksBuildPhase section */
		C83858701DEDA02D00579B86 /* Frameworks */ = {
			isa = PBXFrameworksBuildPhase;
			buildActionMask = 2147483647;
			files = (
			);
			runOnlyForDeploymentPostprocessing = 0;
		};
		C83858841DEDA02D00579B86 /* Frameworks */ = {
			isa = PBXFrameworksBuildPhase;
			buildActionMask = 2147483647;
			files = (
			);
			runOnlyForDeploymentPostprocessing = 0;
		};
		C838588F1DEDA02D00579B86 /* Frameworks */ = {
			isa = PBXFrameworksBuildPhase;
			buildActionMask = 2147483647;
			files = (
			);
			runOnlyForDeploymentPostprocessing = 0;
		};
/* End PBXFrameworksBuildPhase section */

/* Begin PBXGroup section */
		C838586A1DEDA02C00579B86 = {
			isa = PBXGroup;
			children = (
				C83858751DEDA02D00579B86 /* CFunction */,
				C838588A1DEDA02D00579B86 /* CFunctionTests */,
				C83858951DEDA02D00579B86 /* CFunctionUITests */,
				C83858741DEDA02D00579B86 /* Products */,
			);
			sourceTree = "<group>";
		};
		C83858741DEDA02D00579B86 /* Products */ = {
			isa = PBXGroup;
			children = (
				C83858731DEDA02D00579B86 /* CFunction.app */,
				C83858871DEDA02D00579B86 /* CFunctionTests.xctest */,
				C83858921DEDA02D00579B86 /* CFunctionUITests.xctest */,
			);
			name = Products;
			sourceTree = "<group>";
		};
		C83858751DEDA02D00579B86 /* CFunction */ = {
			isa = PBXGroup;
			children = (
				C83858761DEDA02D00579B86 /* AppDelegate.swift */,
				C83858781DEDA02D00579B86 /* ViewController.swift */,
				C896776B1DFC30B800F8B444 /* CtypeC.swift */,
				C85BB1511DF22897005D3009 /* StringC.swift */,
				C85BB1531DF228B1005D3009 /* StdLibC.swift */,
				C8262F241DF4A67100E3E112 /* TimeC.swift */,
				C85BB1551DF228D2005D3009 /* MathC.swift */,
				C8262F261DF4AF2700E3E112 /* FileC.swift */,
				C84CF6741DFD762B003255CC /* UtilC.swift */,
				C81DB4D41DFFBD6E00759DFE /* CopyfileC.swift */,
				C81DB4D61DFFD1B800759DFE /* ErrorC.swift */,
				C82E0DDE1E0008D1000BDCF8 /* FenvC.swift */,
				C838587A1DEDA02D00579B86 /* Main.storyboard */,
				C838587D1DEDA02D00579B86 /* Assets.xcassets */,
				C838587F1DEDA02D00579B86 /* LaunchScreen.storyboard */,
				C83858821DEDA02D00579B86 /* Info.plist */,
				C896776A1DFC309100F8B444 /* BridgeCFile */,
			);
			path = CFunction;
			sourceTree = "<group>";
		};
		C838588A1DEDA02D00579B86 /* CFunctionTests */ = {
			isa = PBXGroup;
			children = (
				C838588B1DEDA02D00579B86 /* CFunctionTests.swift */,
				C838588D1DEDA02D00579B86 /* Info.plist */,
			);
			path = CFunctionTests;
			sourceTree = "<group>";
		};
		C83858951DEDA02D00579B86 /* CFunctionUITests */ = {
			isa = PBXGroup;
			children = (
				C83858961DEDA02D00579B86 /* CFunctionUITests.swift */,
				C83858981DEDA02D00579B86 /* Info.plist */,
			);
			path = CFunctionUITests;
			sourceTree = "<group>";
		};
		C896776A1DFC309100F8B444 /* BridgeCFile */ = {
			isa = PBXGroup;
			children = (
				C89677671DFC2C6E00F8B444 /* CFunctions.c */,
				C89677681DFC2C6E00F8B444 /* CFunctions.h */,
				C89677661DFC2C6D00F8B444 /* CFunction-Bridging-Header.h */,
			);
			name = BridgeCFile;
			sourceTree = "<group>";
		};
/* End PBXGroup section */

/* Begin PBXNativeTarget section */
		C83858721DEDA02D00579B86 /* CFunction */ = {
			isa = PBXNativeTarget;
			buildConfigurationList = C838589B1DEDA02D00579B86 /* Build configuration list for PBXNativeTarget "CFunction" */;
			buildPhases = (
				C838586F1DEDA02D00579B86 /* Sources */,
				C83858701DEDA02D00579B86 /* Frameworks */,
				C83858711DEDA02D00579B86 /* Resources */,
			);
			buildRules = (
			);
			dependencies = (
			);
			name = CFunction;
			productName = CFunction;
			productReference = C83858731DEDA02D00579B86 /* CFunction.app */;
			productType = "com.apple.product-type.application";
		};
		C83858861DEDA02D00579B86 /* CFunctionTests */ = {
			isa = PBXNativeTarget;
			buildConfigurationList = C838589E1DEDA02D00579B86 /* Build configuration list for PBXNativeTarget "CFunctionTests" */;
			buildPhases = (
				C83858831DEDA02D00579B86 /* Sources */,
				C83858841DEDA02D00579B86 /* Frameworks */,
				C83858851DEDA02D00579B86 /* Resources */,
			);
			buildRules = (
			);
			dependencies = (
				C83858891DEDA02D00579B86 /* PBXTargetDependency */,
			);
			name = CFunctionTests;
			productName = CFunctionTests;
			productReference = C83858871DEDA02D00579B86 /* CFunctionTests.xctest */;
			productType = "com.apple.product-type.bundle.unit-test";
		};
		C83858911DEDA02D00579B86 /* CFunctionUITests */ = {
			isa = PBXNativeTarget;
			buildConfigurationList = C83858A11DEDA02D00579B86 /* Build configuration list for PBXNativeTarget "CFunctionUITests" */;
			buildPhases = (
				C838588E1DEDA02D00579B86 /* Sources */,
				C838588F1DEDA02D00579B86 /* Frameworks */,
				C83858901DEDA02D00579B86 /* Resources */,
			);
			buildRules = (
			);
			dependencies = (
				C83858941DEDA02D00579B86 /* PBXTargetDependency */,
			);
			name = CFunctionUITests;
			productName = CFunctionUITests;
			productReference = C83858921DEDA02D00579B86 /* CFunctionUITests.xctest */;
			productType = "com.apple.product-type.bundle.ui-testing";
		};
/* End PBXNativeTarget section */

/* Begin PBXProject section */
		C838586B1DEDA02C00579B86 /* Project object */ = {
			isa = PBXProject;
			attributes = {
				LastSwiftUpdateCheck = 0810;
				LastUpgradeCheck = 0810;
				ORGANIZATIONNAME = SHUVO;
				TargetAttributes = {
					C83858721DEDA02D00579B86 = {
						CreatedOnToolsVersion = 8.1;
						LastSwiftMigration = 0810;
						ProvisioningStyle = Automatic;
					};
					C83858861DEDA02D00579B86 = {
						CreatedOnToolsVersion = 8.1;
						ProvisioningStyle = Automatic;
						TestTargetID = C83858721DEDA02D00579B86;
					};
					C83858911DEDA02D00579B86 = {
						CreatedOnToolsVersion = 8.1;
						ProvisioningStyle = Automatic;
						TestTargetID = C83858721DEDA02D00579B86;
					};
				};
			};
			buildConfigurationList = C838586E1DEDA02C00579B86 /* Build configuration list for PBXProject "CFunction" */;
			compatibilityVersion = "Xcode 3.2";
			developmentRegion = English;
			hasScannedForEncodings = 0;
			knownRegions = (
				en,
				Base,
			);
			mainGroup = C838586A1DEDA02C00579B86;
			productRefGroup = C83858741DEDA02D00579B86 /* Products */;
			projectDirPath = "";
			projectRoot = "";
			targets = (
				C83858721DEDA02D00579B86 /* CFunction */,
				C83858861DEDA02D00579B86 /* CFunctionTests */,
				C83858911DEDA02D00579B86 /* CFunctionUITests */,
			);
		};
/* End PBXProject section */

/* Begin PBXResourcesBuildPhase section */
		C83858711DEDA02D00579B86 /* Resources */ = {
			isa = PBXResourcesBuildPhase;
			buildActionMask = 2147483647;
			files = (
				C83858811DEDA02D00579B86 /* LaunchScreen.storyboard in Resources */,
				C838587E1DEDA02D00579B86 /* Assets.xcassets in Resources */,
				C838587C1DEDA02D00579B86 /* Main.storyboard in Resources */,
			);
			runOnlyForDeploymentPostprocessing = 0;
		};
		C83858851DEDA02D00579B86 /* Resources */ = {
			isa = PBXResourcesBuildPhase;
			buildActionMask = 2147483647;
			files = (
			);
			runOnlyForDeploymentPostprocessing = 0;
		};
		C83858901DEDA02D00579B86 /* Resources */ = {
			isa = PBXResourcesBuildPhase;
			buildActionMask = 2147483647;
			files = (
			);
			runOnlyForDeploymentPostprocessing = 0;
		};
/* End PBXResourcesBuildPhase section */

/* Begin PBXSourcesBuildPhase section */
		C838586F1DEDA02D00579B86 /* Sources */ = {
			isa = PBXSourcesBuildPhase;
			buildActionMask = 2147483647;
			files = (
				C83858791DEDA02D00579B86 /* ViewController.swift in Sources */,
				C89677691DFC2C6E00F8B444 /* CFunctions.c in Sources */,
				C83858771DEDA02D00579B86 /* AppDelegate.swift in Sources */,
				C8262F271DF4AF2700E3E112 /* FileC.swift in Sources */,
				C82E0DDF1E0008D1000BDCF8 /* FenvC.swift in Sources */,
				C81DB4D71DFFD1B800759DFE /* ErrorC.swift in Sources */,
				C85BB1521DF22897005D3009 /* StringC.swift in Sources */,
				C81DB4D51DFFBD6E00759DFE /* CopyfileC.swift in Sources */,
				C85BB1541DF228B1005D3009 /* StdLibC.swift in Sources */,
				C896776C1DFC30B800F8B444 /* CtypeC.swift in Sources */,
				C8262F251DF4A67100E3E112 /* TimeC.swift in Sources */,
				C85BB1561DF228D2005D3009 /* MathC.swift in Sources */,
				C84CF6751DFD762B003255CC /* UtilC.swift in Sources */,
			);
			runOnlyForDeploymentPostprocessing = 0;
		};
		C83858831DEDA02D00579B86 /* Sources */ = {
			isa = PBXSourcesBuildPhase;
			buildActionMask = 2147483647;
			files = (
				C838588C1DEDA02D00579B86 /* CFunctionTests.swift in Sources */,
			);
			runOnlyForDeploymentPostprocessing = 0;
		};
		C838588E1DEDA02D00579B86 /* Sources */ = {
			isa = PBXSourcesBuildPhase;
			buildActionMask = 2147483647;
			files = (
				C83858971DEDA02D00579B86 /* CFunctionUITests.swift in Sources */,
			);
			runOnlyForDeploymentPostprocessing = 0;
		};
/* End PBXSourcesBuildPhase section */

/* Begin PBXTargetDependency section */
		C83858891DEDA02D00579B86 /* PBXTargetDependency */ = {
			isa = PBXTargetDependency;
			target = C83858721DEDA02D00579B86 /* CFunction */;
			targetProxy = C83858881DEDA02D00579B86 /* PBXContainerItemProxy */;
		};
		C83858941DEDA02D00579B86 /* PBXTargetDependency */ = {
			isa = PBXTargetDependency;
			target = C83858721DEDA02D00579B86 /* CFunction */;
			targetProxy = C83858931DEDA02D00579B86 /* PBXContainerItemProxy */;
		};
/* End PBXTargetDependency section */

/* Begin PBXVariantGroup section */
		C838587A1DEDA02D00579B86 /* Main.storyboard */ = {
			isa = PBXVariantGroup;
			children = (
				C838587B1DEDA02D00579B86 /* Base */,
			);
			name = Main.storyboard;
			sourceTree = "<group>";
		};
		C838587F1DEDA02D00579B86 /* LaunchScreen.storyboard */ = {
			isa = PBXVariantGroup;
			children = (
				C83858801DEDA02D00579B86 /* Base */,
			);
			name = LaunchScreen.storyboard;
			sourceTree = "<group>";
		};
/* End PBXVariantGroup section */

/* Begin XCBuildConfiguration section */
		C83858991DEDA02D00579B86 /* Debug */ = {
			isa = XCBuildConfiguration;
			buildSettings = {
				ALWAYS_SEARCH_USER_PATHS = NO;
				CLANG_ANALYZER_NONNULL = YES;
				CLANG_CXX_LANGUAGE_STANDARD = "gnu++0x";
				CLANG_CXX_LIBRARY = "libc++";
				CLANG_ENABLE_MODULES = YES;
				CLANG_ENABLE_OBJC_ARC = YES;
				CLANG_WARN_BOOL_CONVERSION = YES;
				CLANG_WARN_CONSTANT_CONVERSION = YES;
				CLANG_WARN_DIRECT_OBJC_ISA_USAGE = YES_ERROR;
				CLANG_WARN_DOCUMENTATION_COMMENTS = YES;
				CLANG_WARN_EMPTY_BODY = YES;
				CLANG_WARN_ENUM_CONVERSION = YES;
				CLANG_WARN_INFINITE_RECURSION = YES;
				CLANG_WARN_INT_CONVERSION = YES;
				CLANG_WARN_OBJC_ROOT_CLASS = YES_ERROR;
				CLANG_WARN_SUSPICIOUS_MOVES = YES;
				CLANG_WARN_UNREACHABLE_CODE = YES;
				CLANG_WARN__DUPLICATE_METHOD_MATCH = YES;
				"CODE_SIGN_IDENTITY[sdk=iphoneos*]" = "iPhone Developer";
				COPY_PHASE_STRIP = NO;
				DEBUG_INFORMATION_FORMAT = dwarf;
				ENABLE_STRICT_OBJC_MSGSEND = YES;
				ENABLE_TESTABILITY = YES;
				GCC_C_LANGUAGE_STANDARD = gnu99;
				GCC_DYNAMIC_NO_PIC = NO;
				GCC_NO_COMMON_BLOCKS = YES;
				GCC_OPTIMIZATION_LEVEL = 0;
				GCC_PREPROCESSOR_DEFINITIONS = (
					"DEBUG=1",
					"$(inherited)",
				);
				GCC_WARN_64_TO_32_BIT_CONVERSION = YES;
				GCC_WARN_ABOUT_RETURN_TYPE = YES_ERROR;
				GCC_WARN_UNDECLARED_SELECTOR = YES;
				GCC_WARN_UNINITIALIZED_AUTOS = YES_AGGRESSIVE;
				GCC_WARN_UNUSED_FUNCTION = YES;
				GCC_WARN_UNUSED_VARIABLE = YES;
				IPHONEOS_DEPLOYMENT_TARGET = 10.1;
				MTL_ENABLE_DEBUG_INFO = YES;
				ONLY_ACTIVE_ARCH = YES;
				SDKROOT = iphoneos;
				SWIFT_ACTIVE_COMPILATION_CONDITIONS = DEBUG;
				SWIFT_OPTIMIZATION_LEVEL = "-Onone";
				TARGETED_DEVICE_FAMILY = "1,2";
			};
			name = Debug;
		};
		C838589A1DEDA02D00579B86 /* Release */ = {
			isa = XCBuildConfiguration;
			buildSettings = {
				ALWAYS_SEARCH_USER_PATHS = NO;
				CLANG_ANALYZER_NONNULL = YES;
				CLANG_CXX_LANGUAGE_STANDARD = "gnu++0x";
				CLANG_CXX_LIBRARY = "libc++";
				CLANG_ENABLE_MODULES = YES;
				CLANG_ENABLE_OBJC_ARC = YES;
				CLANG_WARN_BOOL_CONVERSION = YES;
				CLANG_WARN_CONSTANT_CONVERSION = YES;
				CLANG_WARN_DIRECT_OBJC_ISA_USAGE = YES_ERROR;
				CLANG_WARN_DOCUMENTATION_COMMENTS = YES;
				CLANG_WARN_EMPTY_BODY = YES;
				CLANG_WARN_ENUM_CONVERSION = YES;
				CLANG_WARN_INFINITE_RECURSION = YES;
				CLANG_WARN_INT_CONVERSION = YES;
				CLANG_WARN_OBJC_ROOT_CLASS = YES_ERROR;
				CLANG_WARN_SUSPICIOUS_MOVES = YES;
				CLANG_WARN_UNREACHABLE_CODE = YES;
				CLANG_WARN__DUPLICATE_METHOD_MATCH = YES;
				"CODE_SIGN_IDENTITY[sdk=iphoneos*]" = "iPhone Developer";
				COPY_PHASE_STRIP = NO;
				DEBUG_INFORMATION_FORMAT = "dwarf-with-dsym";
				ENABLE_NS_ASSERTIONS = NO;
				ENABLE_STRICT_OBJC_MSGSEND = YES;
				GCC_C_LANGUAGE_STANDARD = gnu99;
				GCC_NO_COMMON_BLOCKS = YES;
				GCC_WARN_64_TO_32_BIT_CONVERSION = YES;
				GCC_WARN_ABOUT_RETURN_TYPE = YES_ERROR;
				GCC_WARN_UNDECLARED_SELECTOR = YES;
				GCC_WARN_UNINITIALIZED_AUTOS = YES_AGGRESSIVE;
				GCC_WARN_UNUSED_FUNCTION = YES;
				GCC_WARN_UNUSED_VARIABLE = YES;
				IPHONEOS_DEPLOYMENT_TARGET = 10.1;
				MTL_ENABLE_DEBUG_INFO = NO;
				SDKROOT = iphoneos;
				SWIFT_OPTIMIZATION_LEVEL = "-Owholemodule";
				TARGETED_DEVICE_FAMILY = "1,2";
				VALIDATE_PRODUCT = YES;
			};
			name = Release;
		};
		C838589C1DEDA02D00579B86 /* Debug */ = {
			isa = XCBuildConfiguration;
			buildSettings = {
				ASSETCATALOG_COMPILER_APPICON_NAME = AppIcon;
				CLANG_ENABLE_MODULES = YES;
				INFOPLIST_FILE = CFunction/Info.plist;
				IPHONEOS_DEPLOYMENT_TARGET = 10.0;
				LD_RUNPATH_SEARCH_PATHS = "$(inherited) @executable_path/Frameworks";
				PRODUCT_BUNDLE_IDENTIFIER = com.shuvo.CFunction;
				PRODUCT_NAME = "$(TARGET_NAME)";
				SWIFT_OBJC_BRIDGING_HEADER = "CFunction/CFunction-Bridging-Header.h";
				SWIFT_OPTIMIZATION_LEVEL = "-Onone";
				SWIFT_VERSION = 3.0;
			};
			name = Debug;
		};
		C838589D1DEDA02D00579B86 /* Release */ = {
			isa = XCBuildConfiguration;
			buildSettings = {
				ASSETCATALOG_COMPILER_APPICON_NAME = AppIcon;
				CLANG_ENABLE_MODULES = YES;
				INFOPLIST_FILE = CFunction/Info.plist;
				IPHONEOS_DEPLOYMENT_TARGET = 10.0;
				LD_RUNPATH_SEARCH_PATHS = "$(inherited) @executable_path/Frameworks";
				PRODUCT_BUNDLE_IDENTIFIER = com.shuvo.CFunction;
				PRODUCT_NAME = "$(TARGET_NAME)";
				SWIFT_OBJC_BRIDGING_HEADER = "CFunction/CFunction-Bridging-Header.h";
				SWIFT_VERSION = 3.0;
			};
			name = Release;
		};
		C838589F1DEDA02D00579B86 /* Debug */ = {
			isa = XCBuildConfiguration;
			buildSettings = {
				ALWAYS_EMBED_SWIFT_STANDARD_LIBRARIES = YES;
				BUNDLE_LOADER = "$(TEST_HOST)";
				INFOPLIST_FILE = CFunctionTests/Info.plist;
				LD_RUNPATH_SEARCH_PATHS = "$(inherited) @executable_path/Frameworks @loader_path/Frameworks";
				PRODUCT_BUNDLE_IDENTIFIER = com.shuvo.CFunctionTests;
				PRODUCT_NAME = "$(TARGET_NAME)";
				SWIFT_VERSION = 3.0;
				TEST_HOST = "$(BUILT_PRODUCTS_DIR)/CFunction.app/CFunction";
			};
			name = Debug;
		};
		C83858A01DEDA02D00579B86 /* Release */ = {
			isa = XCBuildConfiguration;
			buildSettings = {
				ALWAYS_EMBED_SWIFT_STANDARD_LIBRARIES = YES;
				BUNDLE_LOADER = "$(TEST_HOST)";
				INFOPLIST_FILE = CFunctionTests/Info.plist;
				LD_RUNPATH_SEARCH_PATHS = "$(inherited) @executable_path/Frameworks @loader_path/Frameworks";
				PRODUCT_BUNDLE_IDENTIFIER = com.shuvo.CFunctionTests;
				PRODUCT_NAME = "$(TARGET_NAME)";
				SWIFT_VERSION = 3.0;
				TEST_HOST = "$(BUILT_PRODUCTS_DIR)/CFunction.app/CFunction";
			};
			name = Release;
		};
		C83858A21DEDA02D00579B86 /* Debug */ = {
			isa = XCBuildConfiguration;
			buildSettings = {
				ALWAYS_EMBED_SWIFT_STANDARD_LIBRARIES = YES;
				INFOPLIST_FILE = CFunctionUITests/Info.plist;
				LD_RUNPATH_SEARCH_PATHS = "$(inherited) @executable_path/Frameworks @loader_path/Frameworks";
				PRODUCT_BUNDLE_IDENTIFIER = com.shuvo.CFunctionUITests;
				PRODUCT_NAME = "$(TARGET_NAME)";
				SWIFT_VERSION = 3.0;
				TEST_TARGET_NAME = CFunction;
			};
			name = Debug;
		};
		C83858A31DEDA02D00579B86 /* Release */ = {
			isa = XCBuildConfiguration;
			buildSettings = {
				ALWAYS_EMBED_SWIFT_STANDARD_LIBRARIES = YES;
				INFOPLIST_FILE = CFunctionUITests/Info.plist;
				LD_RUNPATH_SEARCH_PATHS = "$(inherited) @executable_path/Frameworks @loader_path/Frameworks";
				PRODUCT_BUNDLE_IDENTIFIER = com.shuvo.CFunctionUITests;
				PRODUCT_NAME = "$(TARGET_NAME)";
				SWIFT_VERSION = 3.0;
				TEST_TARGET_NAME = CFunction;
			};
			name = Release;
		};
/* End XCBuildConfiguration section */

/* Begin XCConfigurationList section */
		C838586E1DEDA02C00579B86 /* Build configuration list for PBXProject "CFunction" */ = {
			isa = XCConfigurationList;
			buildConfigurations = (
				C83858991DEDA02D00579B86 /* Debug */,
				C838589A1DEDA02D00579B86 /* Release */,
			);
			defaultConfigurationIsVisible = 0;
			defaultConfigurationName = Release;
		};
		C838589B1DEDA02D00579B86 /* Build configuration list for PBXNativeTarget "CFunction" */ = {
			isa = XCConfigurationList;
			buildConfigurations = (
				C838589C1DEDA02D00579B86 /* Debug */,
				C838589D1DEDA02D00579B86 /* Release */,
			);
			defaultConfigurationIsVisible = 0;
			defaultConfigurationName = Release;
		};
		C838589E1DEDA02D00579B86 /* Build configuration list for PBXNativeTarget "CFunctionTests" */ = {
			isa = XCConfigurationList;
			buildConfigurations = (
				C838589F1DEDA02D00579B86 /* Debug */,
				C83858A01DEDA02D00579B86 /* Release */,
			);
			defaultConfigurationIsVisible = 0;
			defaultConfigurationName = Release;
		};
		C83858A11DEDA02D00579B86 /* Build configuration list for PBXNativeTarget "CFunctionUITests" */ = {
			isa = XCConfigurationList;
			buildConfigurations = (
				C83858A21DEDA02D00579B86 /* Debug */,
				C83858A31DEDA02D00579B86 /* Release */,
			);
			defaultConfigurationIsVisible = 0;
			defaultConfigurationName = Release;
		};
/* End XCConfigurationList section */
	};
	rootObject = C838586B1DEDA02C00579B86 /* Project object */;
}
